
Microsoft Visual Studio Solution File, Format Version 12.00
# Visual Studio Version 16
VisualStudioVersion = 16.0.28803.202
MinimumVisualStudioVersion = 10.0.40219.1
Project("{FAE04EC0-301F-11D3-BF4B-00C04F79EFBC}") = "KararYapilari", "KararYapilari\KararYapilari.csproj", "{1D15178A-7F26-40E0-8367-EDF62F4D3C1A}"
EndProject
Global
	GlobalSection(SolutionConfigurationPlatforms) = preSolution
		Debug|Any CPU = Debug|Any CPU
		Release|Any CPU = Release|Any CPU
	EndGlobalSection
	GlobalSection(ProjectConfigurationPlatforms) = postSolution
		{1D15178A-7F26-40E0-8367-EDF62F4D3C1A}.Debug|Any CPU.ActiveCfg = Debug|Any CPU
		{1D15178A-7F26-40E0-8367-EDF62F4D3C1A}.Debug|Any CPU.Build.0 = Debug|Any CPU
		{1D15178A-7F26-40E0-8367-EDF62F4D3C1A}.Release|Any CPU.ActiveCfg = Release|Any CPU
		{1D15178A-7F26-40E0-8367-EDF62F4D3C1A}.Release|Any CPU.Build.0 = Release|Any CPU
	EndGlobalSection
	GlobalSection(SolutionProperties) = preSolution
		HideSolutionNode = FALSE
	EndGlobalSection
	GlobalSection(ExtensibilityGlobals) = postSolution
		SolutionGuid = {F0700987-AF62-48CC-8E6C-156A89DB26B9}
	EndGlobalSection
EndGlobal
